
Microsoft Visual Studio Solution File, Format Version 12.00
# Visual Studio Version 18
VisualStudioVersion = 18.6.11828.311
MinimumVisualStudioVersion = 10.0.40219.1
Project("{2150E333-8FDC-42A3-9474-1A3956D46DE8}") = "src", "src", "{827E0CD3-B72D-47B6-A68D-7590B98EB39B}"
EndProject
Project("{FAE04EC0-301F-11D3-BF4B-00C04F79EFBC}") = "Nabadat.UserManagement", "src\Nabadat.UserManagement\Nabadat.UserManagement.csproj", "{762E86CD-B26B-4AAC-928A-E98F604C8F6A}"
EndProject
Project("{FAE04EC0-301F-11D3-BF4B-00C04F79EFBC}") = "Nabadat.TenantAdmin", "src\Nabadat.TenantAdmin\Nabadat.TenantAdmin.csproj", "{CEF23279-0E53-45D3-875D-D398C69A1B10}"
EndProject
Project("{2150E333-8FDC-42A3-9474-1A3956D46DE8}") = "tests", "tests", "{0AB3BF05-4346-4AA6-1389-037BE0695223}"
EndProject
Project("{FAE04EC0-301F-11D3-BF4B-00C04F79EFBC}") = "Nabadat.UserManagement.UnitTests", "tests\Nabadat.UserManagement.UnitTests\Nabadat.UserManagement.UnitTests.csproj", "{C1FF5569-F72D-4108-BDFF-80D80618D2B4}"
EndProject
Project("{FAE04EC0-301F-11D3-BF4B-00C04F79EFBC}") = "Nabadat.UserManagement.IntegrationTests", "tests\Nabadat.UserManagement.IntegrationTests\Nabadat.UserManagement.IntegrationTests.csproj", "{A7767C8E-3702-430E-BC61-0237726AAB53}"
EndProject
Project("{FAE04EC0-301F-11D3-BF4B-00C04F79EFBC}") = "Nabadat.CustomerJourneyManagement", "src\Nabadat.CustomerJourneyManagement\Nabadat.CustomerJourneyManagement.csproj", "{2456ED40-493D-4B2E-8BF4-4208EEF25747}"
EndProject
Project("{FAE04EC0-301F-11D3-BF4B-00C04F79EFBC}") = "Nabadat.CustomerJourneyManagement.UnitTests", "tests\Nabadat.CustomerJourneyManagement.UnitTests\Nabadat.CustomerJourneyManagement.UnitTests.csproj", "{DA70DAAF-FB8B-41C6-9219-21DC34FD2B6E}"
EndProject
Project("{FAE04EC0-301F-11D3-BF4B-00C04F79EFBC}") = "Nabadat.CustomerJourneyManagement.IntegrationTests", "tests\Nabadat.CustomerJourneyManagement.IntegrationTests\Nabadat.CustomerJourneyManagement.IntegrationTests.csproj", "{CF10EE0C-2CF2-4C20-ACD0-42089E5A7E53}"
EndProject
Project("{FAE04EC0-301F-11D3-BF4B-00C04F79EFBC}") = "Nabadat.KpiManagement", "src\Nabadat.KpiManagement\Nabadat.KpiManagement.csproj", "{8C9C6509-3826-4A89-ACBF-73154CC8A0C8}"
EndProject
Project("{FAE04EC0-301F-11D3-BF4B-00C04F79EFBC}") = "Nabadat.KpiManagement.UnitTests", "tests\Nabadat.KpiManagement.UnitTests\Nabadat.KpiManagement.UnitTests.csproj", "{6F7F7DC8-8C83-4218-9E73-EC7D6AA4A7C2}"
EndProject
Project("{FAE04EC0-301F-11D3-BF4B-00C04F79EFBC}") = "Nabadat.KpiManagement.IntegrationTests", "tests\Nabadat.KpiManagement.IntegrationTests\Nabadat.KpiManagement.IntegrationTests.csproj", "{B948217C-3A66-4009-AAAD-A891C787F534}"
EndProject
Project("{2150E333-8FDC-42A3-9474-1A3956D46DE8}") = "KpiManagment", "KpiManagment", "{5B09E659-CCD6-4022-A606-B90DDFE7AD65}"
EndProject
Project("{FAE04EC0-301F-11D3-BF4B-00C04F79EFBC}") = "Nabadat.E2ETests", "tests\Nabadat.E2ETests\Nabadat.E2ETests.csproj", "{B0462987-A16D-4426-884A-1C0A3C9466BA}"
EndProject
Project("{FAE04EC0-301F-11D3-BF4B-00C04F79EFBC}") = "Nabadat.SurveyBuilder", "src\Nabadat.SurveyBuilder\Nabadat.SurveyBuilder.csproj", "{65098B4C-770A-4D4D-B2A4-2ED8594C4AD8}"
EndProject
Project("{FAE04EC0-301F-11D3-BF4B-00C04F79EFBC}") = "Nabadat.SurveyBuilder.UnitTests", "tests\Nabadat.SurveyBuilder.UnitTests\Nabadat.SurveyBuilder.UnitTests.csproj", "{B4F9654B-ECE0-47D3-8CA2-52415E4B5978}"
EndProject
Project("{FAE04EC0-301F-11D3-BF4B-00C04F79EFBC}") = "Nabadat.SurveyBuilder.IntegrationTests", "tests\Nabadat.SurveyBuilder.IntegrationTests\Nabadat.SurveyBuilder.IntegrationTests.csproj", "{C0DF6069-F147-4748-B0F4-691BAEE1E814}"
EndProject
Project("{FAE04EC0-301F-11D3-BF4B-00C04F79EFBC}") = "Nabadat.SurveyBuilder.ContractTests", "tests\Nabadat.SurveyBuilder.ContractTests\Nabadat.SurveyBuilder.ContractTests.csproj", "{11307DA5-27B4-40C6-A509-45545DF37A36}"
EndProject
Project("{FAE04EC0-301F-11D3-BF4B-00C04F79EFBC}") = "Nabadat.IntegrationHub", "src\Nabadat.IntegrationHub\Nabadat.IntegrationHub.csproj", "{BE73A93B-79C3-486C-95B2-420B94C927C4}"
EndProject
Project("{FAE04EC0-301F-11D3-BF4B-00C04F79EFBC}") = "Nabadat.IntegrationHub.UnitTests", "tests\Nabadat.IntegrationHub.UnitTests\Nabadat.IntegrationHub.UnitTests.csproj", "{9CAEF0FE-80D2-45D2-9BC6-1B50C1D17210}"
EndProject
Project("{FAE04EC0-301F-11D3-BF4B-00C04F79EFBC}") = "Nabadat.IntegrationHub.IntegrationTests", "tests\Nabadat.IntegrationHub.IntegrationTests\Nabadat.IntegrationHub.IntegrationTests.csproj", "{DD54E457-F787-47EA-AB83-A7A4B5693084}"
EndProject
Global
	GlobalSection(SolutionConfigurationPlatforms) = preSolution
		Debug|Any CPU = Debug|Any CPU
		Debug|x64 = Debug|x64
		Debug|x86 = Debug|x86
		Release|Any CPU = Release|Any CPU
		Release|x64 = Release|x64
		Release|x86 = Release|x86
	EndGlobalSection
	GlobalSection(ProjectConfigurationPlatforms) = postSolution
		{762E86CD-B26B-4AAC-928A-E98F604C8F6A}.Debug|Any CPU.ActiveCfg = Debug|Any CPU
		{762E86CD-B26B-4AAC-928A-E98F604C8F6A}.Debug|Any CPU.Build.0 = Debug|Any CPU
		{762E86CD-B26B-4AAC-928A-E98F604C8F6A}.Debug|x64.ActiveCfg = Debug|Any CPU
		{762E86CD-B26B-4AAC-928A-E98F604C8F6A}.Debug|x64.Build.0 = Debug|Any CPU
		{762E86CD-B26B-4AAC-928A-E98F604C8F6A}.Debug|x86.ActiveCfg = Debug|Any CPU
		{762E86CD-B26B-4AAC-928A-E98F604C8F6A}.Debug|x86.Build.0 = Debug|Any CPU
		{762E86CD-B26B-4AAC-928A-E98F604C8F6A}.Release|Any CPU.ActiveCfg = Release|Any CPU
		{762E86CD-B26B-4AAC-928A-E98F604C8F6A}.Release|Any CPU.Build.0 = Release|Any CPU
		{762E86CD-B26B-4AAC-928A-E98F604C8F6A}.Release|x64.ActiveCfg = Release|Any CPU
		{762E86CD-B26B-4AAC-928A-E98F604C8F6A}.Release|x64.Build.0 = Release|Any CPU
		{762E86CD-B26B-4AAC-928A-E98F604C8F6A}.Release|x86.ActiveCfg = Release|Any CPU
		{762E86CD-B26B-4AAC-928A-E98F604C8F6A}.Release|x86.Build.0 = Release|Any CPU
		{CEF23279-0E53-45D3-875D-D398C69A1B10}.Debug|Any CPU.ActiveCfg = Debug|Any CPU
		{CEF23279-0E53-45D3-875D-D398C69A1B10}.Debug|Any CPU.Build.0 = Debug|Any CPU
		{CEF23279-0E53-45D3-875D-D398C69A1B10}.Debug|x64.ActiveCfg = Debug|Any CPU
		{CEF23279-0E53-45D3-875D-D398C69A1B10}.Debug|x64.Build.0 = Debug|Any CPU
		{CEF23279-0E53-45D3-875D-D398C69A1B10}.Debug|x86.ActiveCfg = Debug|Any CPU
		{CEF23279-0E53-45D3-875D-D398C69A1B10}.Debug|x86.Build.0 = Debug|Any CPU
		{CEF23279-0E53-45D3-875D-D398C69A1B10}.Release|Any CPU.ActiveCfg = Release|Any CPU
		{CEF23279-0E53-45D3-875D-D398C69A1B10}.Release|Any CPU.Build.0 = Release|Any CPU
		{CEF23279-0E53-45D3-875D-D398C69A1B10}.Release|x64.ActiveCfg = Release|Any CPU
		{CEF23279-0E53-45D3-875D-D398C69A1B10}.Release|x64.Build.0 = Release|Any CPU
		{CEF23279-0E53-45D3-875D-D398C69A1B10}.Release|x86.ActiveCfg = Release|Any CPU
		{CEF23279-0E53-45D3-875D-D398C69A1B10}.Release|x86.Build.0 = Release|Any CPU
		{C1FF5569-F72D-4108-BDFF-80D80618D2B4}.Debug|Any CPU.ActiveCfg = Debug|Any CPU
		{C1FF5569-F72D-4108-BDFF-80D80618D2B4}.Debug|Any CPU.Build.0 = Debug|Any CPU
		{C1FF5569-F72D-4108-BDFF-80D80618D2B4}.Debug|x64.ActiveCfg = Debug|Any CPU
		{C1FF5569-F72D-4108-BDFF-80D80618D2B4}.Debug|x64.Build.0 = Debug|Any CPU
		{C1FF5569-F72D-4108-BDFF-80D80618D2B4}.Debug|x86.ActiveCfg = Debug|Any CPU
		{C1FF5569-F72D-4108-BDFF-80D80618D2B4}.Debug|x86.Build.0 = Debug|Any CPU
		{C1FF5569-F72D-4108-BDFF-80D80618D2B4}.Release|Any CPU.ActiveCfg = Release|Any CPU
		{C1FF5569-F72D-4108-BDFF-80D80618D2B4}.Release|Any CPU.Build.0 = Release|Any CPU
		{C1FF5569-F72D-4108-BDFF-80D80618D2B4}.Release|x64.ActiveCfg = Release|Any CPU
		{C1FF5569-F72D-4108-BDFF-80D80618D2B4}.Release|x64.Build.0 = Release|Any CPU
		{C1FF5569-F72D-4108-BDFF-80D80618D2B4}.Release|x86.ActiveCfg = Release|Any CPU
		{C1FF5569-F72D-4108-BDFF-80D80618D2B4}.Release|x86.Build.0 = Release|Any CPU
		{A7767C8E-3702-430E-BC61-0237726AAB53}.Debug|Any CPU.ActiveCfg = Debug|Any CPU
		{A7767C8E-3702-430E-BC61-0237726AAB53}.Debug|Any CPU.Build.0 = Debug|Any CPU
		{A7767C8E-3702-430E-BC61-0237726AAB53}.Debug|x64.ActiveCfg = Debug|Any CPU
		{A7767C8E-3702-430E-BC61-0237726AAB53}.Debug|x64.Build.0 = Debug|Any CPU
		{A7767C8E-3702-430E-BC61-0237726AAB53}.Debug|x86.ActiveCfg = Debug|Any CPU
		{A7767C8E-3702-430E-BC61-0237726AAB53}.Debug|x86.Build.0 = Debug|Any CPU
		{A7767C8E-3702-430E-BC61-0237726AAB53}.Release|Any CPU.ActiveCfg = Release|Any CPU
		{A7767C8E-3702-430E-BC61-0237726AAB53}.Release|Any CPU.Build.0 = Release|Any CPU
		{A7767C8E-3702-430E-BC61-0237726AAB53}.Release|x64.ActiveCfg = Release|Any CPU
		{A7767C8E-3702-430E-BC61-0237726AAB53}.Release|x64.Build.0 = Release|Any CPU
		{A7767C8E-3702-430E-BC61-0237726AAB53}.Release|x86.ActiveCfg = Release|Any CPU
		{A7767C8E-3702-430E-BC61-0237726AAB53}.Release|x86.Build.0 = Release|Any CPU
		{2456ED40-493D-4B2E-8BF4-4208EEF25747}.Debug|Any CPU.ActiveCfg = Debug|Any CPU
		{2456ED40-493D-4B2E-8BF4-4208EEF25747}.Debug|Any CPU.Build.0 = Debug|Any CPU
		{2456ED40-493D-4B2E-8BF4-4208EEF25747}.Debug|x64.ActiveCfg = Debug|Any CPU
		{2456ED40-493D-4B2E-8BF4-4208EEF25747}.Debug|x64.Build.0 = Debug|Any CPU
		{2456ED40-493D-4B2E-8BF4-4208EEF25747}.Debug|x86.ActiveCfg = Debug|Any CPU
		{2456ED40-493D-4B2E-8BF4-4208EEF25747}.Debug|x86.Build.0 = Debug|Any CPU
		{2456ED40-493D-4B2E-8BF4-4208EEF25747}.Release|Any CPU.ActiveCfg = Release|Any CPU
		{2456ED40-493D-4B2E-8BF4-4208EEF25747}.Release|Any CPU.Build.0 = Release|Any CPU
		{2456ED40-493D-4B2E-8BF4-4208EEF25747}.Release|x64.ActiveCfg = Release|Any CPU
		{2456ED40-493D-4B2E-8BF4-4208EEF25747}.Release|x64.Build.0 = Release|Any CPU
		{2456ED40-493D-4B2E-8BF4-4208EEF25747}.Release|x86.ActiveCfg = Release|Any CPU
		{2456ED40-493D-4B2E-8BF4-4208EEF25747}.Release|x86.Build.0 = Release|Any CPU
		{DA70DAAF-FB8B-41C6-9219-21DC34FD2B6E}.Debug|Any CPU.ActiveCfg = Debug|Any CPU
		{DA70DAAF-FB8B-41C6-9219-21DC34FD2B6E}.Debug|Any CPU.Build.0 = Debug|Any CPU
		{DA70DAAF-FB8B-41C6-9219-21DC34FD2B6E}.Debug|x64.ActiveCfg = Debug|Any CPU
		{DA70DAAF-FB8B-41C6-9219-21DC34FD2B6E}.Debug|x64.Build.0 = Debug|Any CPU
		{DA70DAAF-FB8B-41C6-9219-21DC34FD2B6E}.Debug|x86.ActiveCfg = Debug|Any CPU
		{DA70DAAF-FB8B-41C6-9219-21DC34FD2B6E}.Debug|x86.Build.0 = Debug|Any CPU
		{DA70DAAF-FB8B-41C6-9219-21DC34FD2B6E}.Release|Any CPU.ActiveCfg = Release|Any CPU
		{DA70DAAF-FB8B-41C6-9219-21DC34FD2B6E}.Release|Any CPU.Build.0 = Release|Any CPU
		{DA70DAAF-FB8B-41C6-9219-21DC34FD2B6E}.Release|x64.ActiveCfg = Release|Any CPU
		{DA70DAAF-FB8B-41C6-9219-21DC34FD2B6E}.Release|x64.Build.0 = Release|Any CPU
		{DA70DAAF-FB8B-41C6-9219-21DC34FD2B6E}.Release|x86.ActiveCfg = Release|Any CPU
		{DA70DAAF-FB8B-41C6-9219-21DC34FD2B6E}.Release|x86.Build.0 = Release|Any CPU
		{CF10EE0C-2CF2-4C20-ACD0-42089E5A7E53}.Debug|Any CPU.ActiveCfg = Debug|Any CPU
		{CF10EE0C-2CF2-4C20-ACD0-42089E5A7E53}.Debug|Any CPU.Build.0 = Debug|Any CPU
		{CF10EE0C-2CF2-4C20-ACD0-42089E5A7E53}.Debug|x64.ActiveCfg = Debug|Any CPU
		{CF10EE0C-2CF2-4C20-ACD0-42089E5A7E53}.Debug|x64.Build.0 = Debug|Any CPU
		{CF10EE0C-2CF2-4C20-ACD0-42089E5A7E53}.Debug|x86.ActiveCfg = Debug|Any CPU
		{CF10EE0C-2CF2-4C20-ACD0-42089E5A7E53}.Debug|x86.Build.0 = Debug|Any CPU
		{CF10EE0C-2CF2-4C20-ACD0-42089E5A7E53}.Release|Any CPU.ActiveCfg = Release|Any CPU
		{CF10EE0C-2CF2-4C20-ACD0-42089E5A7E53}.Release|Any CPU.Build.0 = Release|Any CPU
		{CF10EE0C-2CF2-4C20-ACD0-42089E5A7E53}.Release|x64.ActiveCfg = Release|Any CPU
		{CF10EE0C-2CF2-4C20-ACD0-42089E5A7E53}.Release|x64.Build.0 = Release|Any CPU
		{CF10EE0C-2CF2-4C20-ACD0-42089E5A7E53}.Release|x86.ActiveCfg = Release|Any CPU
		{CF10EE0C-2CF2-4C20-ACD0-42089E5A7E53}.Release|x86.Build.0 = Release|Any CPU
		{8C9C6509-3826-4A89-ACBF-73154CC8A0C8}.Debug|Any CPU.ActiveCfg = Debug|Any CPU
		{8C9C6509-3826-4A89-ACBF-73154CC8A0C8}.Debug|Any CPU.Build.0 = Debug|Any CPU
		{8C9C6509-3826-4A89-ACBF-73154CC8A0C8}.Debug|x64.ActiveCfg = Debug|Any CPU
		{8C9C6509-3826-4A89-ACBF-73154CC8A0C8}.Debug|x64.Build.0 = Debug|Any CPU
		{8C9C6509-3826-4A89-ACBF-73154CC8A0C8}.Debug|x86.ActiveCfg = Debug|Any CPU
		{8C9C6509-3826-4A89-ACBF-73154CC8A0C8}.Debug|x86.Build.0 = Debug|Any CPU
		{8C9C6509-3826-4A89-ACBF-73154CC8A0C8}.Release|Any CPU.ActiveCfg = Release|Any CPU
		{8C9C6509-3826-4A89-ACBF-73154CC8A0C8}.Release|Any CPU.Build.0 = Release|Any CPU
		{8C9C6509-3826-4A89-ACBF-73154CC8A0C8}.Release|x64.ActiveCfg = Release|Any CPU
		{8C9C6509-3826-4A89-ACBF-73154CC8A0C8}.Release|x64.Build.0 = Release|Any CPU
		{8C9C6509-3826-4A89-ACBF-73154CC8A0C8}.Release|x86.ActiveCfg = Release|Any CPU
		{8C9C6509-3826-4A89-ACBF-73154CC8A0C8}.Release|x86.Build.0 = Release|Any CPU
		{6F7F7DC8-8C83-4218-9E73-EC7D6AA4A7C2}.Debug|Any CPU.ActiveCfg = Debug|Any CPU
		{6F7F7DC8-8C83-4218-9E73-EC7D6AA4A7C2}.Debug|Any CPU.Build.0 = Debug|Any CPU
		{6F7F7DC8-8C83-4218-9E73-EC7D6AA4A7C2}.Debug|x64.ActiveCfg = Debug|Any CPU
		{6F7F7DC8-8C83-4218-9E73-EC7D6AA4A7C2}.Debug|x64.Build.0 = Debug|Any CPU
		{6F7F7DC8-8C83-4218-9E73-EC7D6AA4A7C2}.Debug|x86.ActiveCfg = Debug|Any CPU
		{6F7F7DC8-8C83-4218-9E73-EC7D6AA4A7C2}.Debug|x86.Build.0 = Debug|Any CPU
		{6F7F7DC8-8C83-4218-9E73-EC7D6AA4A7C2}.Release|Any CPU.ActiveCfg = Release|Any CPU
		{6F7F7DC8-8C83-4218-9E73-EC7D6AA4A7C2}.Release|Any CPU.Build.0 = Release|Any CPU
		{6F7F7DC8-8C83-4218-9E73-EC7D6AA4A7C2}.Release|x64.ActiveCfg = Release|Any CPU
		{6F7F7DC8-8C83-4218-9E73-EC7D6AA4A7C2}.Release|x64.Build.0 = Release|Any CPU
		{6F7F7DC8-8C83-4218-9E73-EC7D6AA4A7C2}.Release|x86.ActiveCfg = Release|Any CPU
		{6F7F7DC8-8C83-4218-9E73-EC7D6AA4A7C2}.Release|x86.Build.0 = Release|Any CPU
		{B948217C-3A66-4009-AAAD-A891C787F534}.Debug|Any CPU.ActiveCfg = Debug|Any CPU
		{B948217C-3A66-4009-AAAD-A891C787F534}.Debug|Any CPU.Build.0 = Debug|Any CPU
		{B948217C-3A66-4009-AAAD-A891C787F534}.Debug|x64.ActiveCfg = Debug|Any CPU
		{B948217C-3A66-4009-AAAD-A891C787F534}.Debug|x64.Build.0 = Debug|Any CPU
		{B948217C-3A66-4009-AAAD-A891C787F534}.Debug|x86.ActiveCfg = Debug|Any CPU
		{B948217C-3A66-4009-AAAD-A891C787F534}.Debug|x86.Build.0 = Debug|Any CPU
		{B948217C-3A66-4009-AAAD-A891C787F534}.Release|Any CPU.ActiveCfg = Release|Any CPU
		{B948217C-3A66-4009-AAAD-A891C787F534}.Release|Any CPU.Build.0 = Release|Any CPU
		{B948217C-3A66-4009-AAAD-A891C787F534}.Release|x64.ActiveCfg = Release|Any CPU
		{B948217C-3A66-4009-AAAD-A891C787F534}.Release|x64.Build.0 = Release|Any CPU
		{B948217C-3A66-4009-AAAD-A891C787F534}.Release|x86.ActiveCfg = Release|Any CPU
		{B948217C-3A66-4009-AAAD-A891C787F534}.Release|x86.Build.0 = Release|Any CPU
		{B0462987-A16D-4426-884A-1C0A3C9466BA}.Debug|Any CPU.ActiveCfg = Debug|Any CPU
		{B0462987-A16D-4426-884A-1C0A3C9466BA}.Debug|Any CPU.Build.0 = Debug|Any CPU
		{B0462987-A16D-4426-884A-1C0A3C9466BA}.Debug|x64.ActiveCfg = Debug|Any CPU
		{B0462987-A16D-4426-884A-1C0A3C9466BA}.Debug|x64.Build.0 = Debug|Any CPU
		{B0462987-A16D-4426-884A-1C0A3C9466BA}.Debug|x86.ActiveCfg = Debug|Any CPU
		{B0462987-A16D-4426-884A-1C0A3C9466BA}.Debug|x86.Build.0 = Debug|Any CPU
		{B0462987-A16D-4426-884A-1C0A3C9466BA}.Release|Any CPU.ActiveCfg = Release|Any CPU
		{B0462987-A16D-4426-884A-1C0A3C9466BA}.Release|Any CPU.Build.0 = Release|Any CPU
		{B0462987-A16D-4426-884A-1C0A3C9466BA}.Release|x64.ActiveCfg = Release|Any CPU
		{B0462987-A16D-4426-884A-1C0A3C9466BA}.Release|x64.Build.0 = Release|Any CPU
		{B0462987-A16D-4426-884A-1C0A3C9466BA}.Release|x86.ActiveCfg = Release|Any CPU
		{B0462987-A16D-4426-884A-1C0A3C9466BA}.Release|x86.Build.0 = Release|Any CPU
		{65098B4C-770A-4D4D-B2A4-2ED8594C4AD8}.Debug|Any CPU.ActiveCfg = Debug|Any CPU
		{65098B4C-770A-4D4D-B2A4-2ED8594C4AD8}.Debug|Any CPU.Build.0 = Debug|Any CPU
		{65098B4C-770A-4D4D-B2A4-2ED8594C4AD8}.Debug|x64.ActiveCfg = Debug|Any CPU
		{65098B4C-770A-4D4D-B2A4-2ED8594C4AD8}.Debug|x64.Build.0 = Debug|Any CPU
		{65098B4C-770A-4D4D-B2A4-2ED8594C4AD8}.Debug|x86.ActiveCfg = Debug|Any CPU
		{65098B4C-770A-4D4D-B2A4-2ED8594C4AD8}.Debug|x86.Build.0 = Debug|Any CPU
		{65098B4C-770A-4D4D-B2A4-2ED8594C4AD8}.Release|Any CPU.ActiveCfg = Release|Any CPU
		{65098B4C-770A-4D4D-B2A4-2ED8594C4AD8}.Release|Any CPU.Build.0 = Release|Any CPU
		{65098B4C-770A-4D4D-B2A4-2ED8594C4AD8}.Release|x64.ActiveCfg = Release|Any CPU
		{65098B4C-770A-4D4D-B2A4-2ED8594C4AD8}.Release|x64.Build.0 = Release|Any CPU
		{65098B4C-770A-4D4D-B2A4-2ED8594C4AD8}.Release|x86.ActiveCfg = Release|Any CPU
		{65098B4C-770A-4D4D-B2A4-2ED8594C4AD8}.Release|x86.Build.0 = Release|Any CPU
		{B4F9654B-ECE0-47D3-8CA2-52415E4B5978}.Debug|Any CPU.ActiveCfg = Debug|Any CPU
		{B4F9654B-ECE0-47D3-8CA2-52415E4B5978}.Debug|Any CPU.Build.0 = Debug|Any CPU
		{B4F9654B-ECE0-47D3-8CA2-52415E4B5978}.Debug|x64.ActiveCfg = Debug|Any CPU
		{B4F9654B-ECE0-47D3-8CA2-52415E4B5978}.Debug|x64.Build.0 = Debug|Any CPU
		{B4F9654B-ECE0-47D3-8CA2-52415E4B5978}.Debug|x86.ActiveCfg = Debug|Any CPU
		{B4F9654B-ECE0-47D3-8CA2-52415E4B5978}.Debug|x86.Build.0 = Debug|Any CPU
		{B4F9654B-ECE0-47D3-8CA2-52415E4B5978}.Release|Any CPU.ActiveCfg = Release|Any CPU
		{B4F9654B-ECE0-47D3-8CA2-52415E4B5978}.Release|Any CPU.Build.0 = Release|Any CPU
		{B4F9654B-ECE0-47D3-8CA2-52415E4B5978}.Release|x64.ActiveCfg = Release|Any CPU
		{B4F9654B-ECE0-47D3-8CA2-52415E4B5978}.Release|x64.Build.0 = Release|Any CPU
		{B4F9654B-ECE0-47D3-8CA2-52415E4B5978}.Release|x86.ActiveCfg = Release|Any CPU
		{B4F9654B-ECE0-47D3-8CA2-52415E4B5978}.Release|x86.Build.0 = Release|Any CPU
		{C0DF6069-F147-4748-B0F4-691BAEE1E814}.Debug|Any CPU.ActiveCfg = Debug|Any CPU
		{C0DF6069-F147-4748-B0F4-691BAEE1E814}.Debug|Any CPU.Build.0 = Debug|Any CPU
		{C0DF6069-F147-4748-B0F4-691BAEE1E814}.Debug|x64.ActiveCfg = Debug|Any CPU
		{C0DF6069-F147-4748-B0F4-691BAEE1E814}.Debug|x64.Build.0 = Debug|Any CPU
		{C0DF6069-F147-4748-B0F4-691BAEE1E814}.Debug|x86.ActiveCfg = Debug|Any CPU
		{C0DF6069-F147-4748-B0F4-691BAEE1E814}.Debug|x86.Build.0 = Debug|Any CPU
		{C0DF6069-F147-4748-B0F4-691BAEE1E814}.Release|Any CPU.ActiveCfg = Release|Any CPU
		{C0DF6069-F147-4748-B0F4-691BAEE1E814}.Release|Any CPU.Build.0 = Release|Any CPU
		{C0DF6069-F147-4748-B0F4-691BAEE1E814}.Release|x64.ActiveCfg = Release|Any CPU
		{C0DF6069-F147-4748-B0F4-691BAEE1E814}.Release|x64.Build.0 = Release|Any CPU
		{C0DF6069-F147-4748-B0F4-691BAEE1E814}.Release|x86.ActiveCfg = Release|Any CPU
		{C0DF6069-F147-4748-B0F4-691BAEE1E814}.Release|x86.Build.0 = Release|Any CPU
		{11307DA5-27B4-40C6-A509-45545DF37A36}.Debug|Any CPU.ActiveCfg = Debug|Any CPU
		{11307DA5-27B4-40C6-A509-45545DF37A36}.Debug|Any CPU.Build.0 = Debug|Any CPU
		{11307DA5-27B4-40C6-A509-45545DF37A36}.Debug|x64.ActiveCfg = Debug|Any CPU
		{11307DA5-27B4-40C6-A509-45545DF37A36}.Debug|x64.Build.0 = Debug|Any CPU
		{11307DA5-27B4-40C6-A509-45545DF37A36}.Debug|x86.ActiveCfg = Debug|Any CPU
		{11307DA5-27B4-40C6-A509-45545DF37A36}.Debug|x86.Build.0 = Debug|Any CPU
		{11307DA5-27B4-40C6-A509-45545DF37A36}.Release|Any CPU.ActiveCfg = Release|Any CPU
		{11307DA5-27B4-40C6-A509-45545DF37A36}.Release|Any CPU.Build.0 = Release|Any CPU
		{11307DA5-27B4-40C6-A509-45545DF37A36}.Release|x64.ActiveCfg = Release|Any CPU
		{11307DA5-27B4-40C6-A509-45545DF37A36}.Release|x64.Build.0 = Release|Any CPU
		{11307DA5-27B4-40C6-A509-45545DF37A36}.Release|x86.ActiveCfg = Release|Any CPU
		{11307DA5-27B4-40C6-A509-45545DF37A36}.Release|x86.Build.0 = Release|Any CPU
		{BE73A93B-79C3-486C-95B2-420B94C927C4}.Debug|Any CPU.ActiveCfg = Debug|Any CPU
		{BE73A93B-79C3-486C-95B2-420B94C927C4}.Debug|Any CPU.Build.0 = Debug|Any CPU
		{BE73A93B-79C3-486C-95B2-420B94C927C4}.Debug|x64.ActiveCfg = Debug|Any CPU
		{BE73A93B-79C3-486C-95B2-420B94C927C4}.Debug|x64.Build.0 = Debug|Any CPU
		{BE73A93B-79C3-486C-95B2-420B94C927C4}.Debug|x86.ActiveCfg = Debug|Any CPU
		{BE73A93B-79C3-486C-95B2-420B94C927C4}.Debug|x86.Build.0 = Debug|Any CPU
		{BE73A93B-79C3-486C-95B2-420B94C927C4}.Release|Any CPU.ActiveCfg = Release|Any CPU
		{BE73A93B-79C3-486C-95B2-420B94C927C4}.Release|Any CPU.Build.0 = Release|Any CPU
		{BE73A93B-79C3-486C-95B2-420B94C927C4}.Release|x64.ActiveCfg = Release|Any CPU
		{BE73A93B-79C3-486C-95B2-420B94C927C4}.Release|x64.Build.0 = Release|Any CPU
		{BE73A93B-79C3-486C-95B2-420B94C927C4}.Release|x86.ActiveCfg = Release|Any CPU
		{BE73A93B-79C3-486C-95B2-420B94C927C4}.Release|x86.Build.0 = Release|Any CPU
		{9CAEF0FE-80D2-45D2-9BC6-1B50C1D17210}.Debug|Any CPU.ActiveCfg = Debug|Any CPU
		{9CAEF0FE-80D2-45D2-9BC6-1B50C1D17210}.Debug|Any CPU.Build.0 = Debug|Any CPU
		{9CAEF0FE-80D2-45D2-9BC6-1B50C1D17210}.Debug|x64.ActiveCfg = Debug|Any CPU
		{9CAEF0FE-80D2-45D2-9BC6-1B50C1D17210}.Debug|x64.Build.0 = Debug|Any CPU
		{9CAEF0FE-80D2-45D2-9BC6-1B50C1D17210}.Debug|x86.ActiveCfg = Debug|Any CPU
		{9CAEF0FE-80D2-45D2-9BC6-1B50C1D17210}.Debug|x86.Build.0 = Debug|Any CPU
		{9CAEF0FE-80D2-45D2-9BC6-1B50C1D17210}.Release|Any CPU.ActiveCfg = Release|Any CPU
		{9CAEF0FE-80D2-45D2-9BC6-1B50C1D17210}.Release|Any CPU.Build.0 = Release|Any CPU
		{9CAEF0FE-80D2-45D2-9BC6-1B50C1D17210}.Release|x64.ActiveCfg = Release|Any CPU
		{9CAEF0FE-80D2-45D2-9BC6-1B50C1D17210}.Release|x64.Build.0 = Release|Any CPU
		{9CAEF0FE-80D2-45D2-9BC6-1B50C1D17210}.Release|x86.ActiveCfg = Release|Any CPU
		{9CAEF0FE-80D2-45D2-9BC6-1B50C1D17210}.Release|x86.Build.0 = Release|Any CPU
		{DD54E457-F787-47EA-AB83-A7A4B5693084}.Debug|Any CPU.ActiveCfg = Debug|Any CPU
		{DD54E457-F787-47EA-AB83-A7A4B5693084}.Debug|Any CPU.Build.0 = Debug|Any CPU
		{DD54E457-F787-47EA-AB83-A7A4B5693084}.Debug|x64.ActiveCfg = Debug|Any CPU
		{DD54E457-F787-47EA-AB83-A7A4B5693084}.Debug|x64.Build.0 = Debug|Any CPU
		{DD54E457-F787-47EA-AB83-A7A4B5693084}.Debug|x86.ActiveCfg = Debug|Any CPU
		{DD54E457-F787-47EA-AB83-A7A4B5693084}.Debug|x86.Build.0 = Debug|Any CPU
		{DD54E457-F787-47EA-AB83-A7A4B5693084}.Release|Any CPU.ActiveCfg = Release|Any CPU
		{DD54E457-F787-47EA-AB83-A7A4B5693084}.Release|Any CPU.Build.0 = Release|Any CPU
		{DD54E457-F787-47EA-AB83-A7A4B5693084}.Release|x64.ActiveCfg = Release|Any CPU
		{DD54E457-F787-47EA-AB83-A7A4B5693084}.Release|x64.Build.0 = Release|Any CPU
		{DD54E457-F787-47EA-AB83-A7A4B5693084}.Release|x86.ActiveCfg = Release|Any CPU
		{DD54E457-F787-47EA-AB83-A7A4B5693084}.Release|x86.Build.0 = Release|Any CPU
	EndGlobalSection
	GlobalSection(SolutionProperties) = preSolution
		HideSolutionNode = FALSE
	EndGlobalSection
	GlobalSection(NestedProjects) = preSolution
		{762E86CD-B26B-4AAC-928A-E98F604C8F6A} = {827E0CD3-B72D-47B6-A68D-7590B98EB39B}
		{CEF23279-0E53-45D3-875D-D398C69A1B10} = {827E0CD3-B72D-47B6-A68D-7590B98EB39B}
		{C1FF5569-F72D-4108-BDFF-80D80618D2B4} = {0AB3BF05-4346-4AA6-1389-037BE0695223}
		{A7767C8E-3702-430E-BC61-0237726AAB53} = {0AB3BF05-4346-4AA6-1389-037BE0695223}
		{2456ED40-493D-4B2E-8BF4-4208EEF25747} = {827E0CD3-B72D-47B6-A68D-7590B98EB39B}
		{DA70DAAF-FB8B-41C6-9219-21DC34FD2B6E} = {0AB3BF05-4346-4AA6-1389-037BE0695223}
		{CF10EE0C-2CF2-4C20-ACD0-42089E5A7E53} = {0AB3BF05-4346-4AA6-1389-037BE0695223}
		{8C9C6509-3826-4A89-ACBF-73154CC8A0C8} = {827E0CD3-B72D-47B6-A68D-7590B98EB39B}
		{6F7F7DC8-8C83-4218-9E73-EC7D6AA4A7C2} = {5B09E659-CCD6-4022-A606-B90DDFE7AD65}
		{B948217C-3A66-4009-AAAD-A891C787F534} = {5B09E659-CCD6-4022-A606-B90DDFE7AD65}
		{5B09E659-CCD6-4022-A606-B90DDFE7AD65} = {0AB3BF05-4346-4AA6-1389-037BE0695223}
		{B0462987-A16D-4426-884A-1C0A3C9466BA} = {0AB3BF05-4346-4AA6-1389-037BE0695223}
		{65098B4C-770A-4D4D-B2A4-2ED8594C4AD8} = {827E0CD3-B72D-47B6-A68D-7590B98EB39B}
		{B4F9654B-ECE0-47D3-8CA2-52415E4B5978} = {0AB3BF05-4346-4AA6-1389-037BE0695223}
		{C0DF6069-F147-4748-B0F4-691BAEE1E814} = {0AB3BF05-4346-4AA6-1389-037BE0695223}
		{11307DA5-27B4-40C6-A509-45545DF37A36} = {0AB3BF05-4346-4AA6-1389-037BE0695223}
		{BE73A93B-79C3-486C-95B2-420B94C927C4} = {827E0CD3-B72D-47B6-A68D-7590B98EB39B}
		{9CAEF0FE-80D2-45D2-9BC6-1B50C1D17210} = {0AB3BF05-4346-4AA6-1389-037BE0695223}
		{DD54E457-F787-47EA-AB83-A7A4B5693084} = {0AB3BF05-4346-4AA6-1389-037BE0695223}
	EndGlobalSection
EndGlobal
